
Microsoft Visual Studio Solution File, Format Version 12.00
# Visual Studio Version 17
VisualStudioVersion = 17.6.33815.320
MinimumVisualStudioVersion = 10.0.40219.1
Project("{FAE04EC0-301F-11D3-BF4B-00C04F79EFBC}") = "ApiRESTv1", "ApiRESTv1\ApiRESTv1.csproj", "{754777D8-5898-42CC-BEBB-C2B9B1215BAC}"
EndProject
Global
	GlobalSection(SolutionConfigurationPlatforms) = preSolution
		Debug|Any CPU = Debug|Any CPU
		Release|Any CPU = Release|Any CPU
	EndGlobalSection
	GlobalSection(ProjectConfigurationPlatforms) = postSolution
		{754777D8-5898-42CC-BEBB-C2B9B1215BAC}.Debug|Any CPU.ActiveCfg = Debug|Any CPU
		{754777D8-5898-42CC-BEBB-C2B9B1215BAC}.Debug|Any CPU.Build.0 = Debug|Any CPU
		{754777D8-5898-42CC-BEBB-C2B9B1215BAC}.Release|Any CPU.ActiveCfg = Release|Any CPU
		{754777D8-5898-42CC-BEBB-C2B9B1215BAC}.Release|Any CPU.Build.0 = Release|Any CPU
	EndGlobalSection
	GlobalSection(SolutionProperties) = preSolution
		HideSolutionNode = FALSE
	EndGlobalSection
	GlobalSection(ExtensibilityGlobals) = postSolution
		SolutionGuid = {652DAC22-A987-4BB9-B29D-C414C07E2CAE}
	EndGlobalSection
EndGlobal
